
Microsoft Visual Studio Solution File, Format Version 12.00
# Visual Studio 15
Project("{FAE04EC0-301F-11D3-BF4B-00C04F79EFBC}") = "Assembly-CSharp", "Assembly-CSharp.csproj", "{279C00DE-7FBE-E6F0-ADF8-345AD8F2F1C7}"
EndProject
Project("{FAE04EC0-301F-11D3-BF4B-00C04F79EFBC}") = "Assembly-CSharp-Editor", "Assembly-CSharp-Editor.csproj", "{E5E23BCB-5A53-AFBC-9A18-90F68805F3A1}"
EndProject
Global
	GlobalSection(SolutionConfigurationPlatforms) = preSolution
		Debug|Any CPU = Debug|Any CPU
		Release|Any CPU = Release|Any CPU
	EndGlobalSection
	GlobalSection(ProjectConfigurationPlatforms) = postSolution
		{279C00DE-7FBE-E6F0-ADF8-345AD8F2F1C7}.Debug|Any CPU.ActiveCfg = Debug|Any CPU
		{279C00DE-7FBE-E6F0-ADF8-345AD8F2F1C7}.Debug|Any CPU.Build.0 = Debug|Any CPU
		{279C00DE-7FBE-E6F0-ADF8-345AD8F2F1C7}.Release|Any CPU.ActiveCfg = Release|Any CPU
		{279C00DE-7FBE-E6F0-ADF8-345AD8F2F1C7}.Release|Any CPU.Build.0 = Release|Any CPU
		{E5E23BCB-5A53-AFBC-9A18-90F68805F3A1}.Debug|Any CPU.ActiveCfg = Debug|Any CPU
		{E5E23BCB-5A53-AFBC-9A18-90F68805F3A1}.Debug|Any CPU.Build.0 = Debug|Any CPU
		{E5E23BCB-5A53-AFBC-9A18-90F68805F3A1}.Release|Any CPU.ActiveCfg = Release|Any CPU
		{E5E23BCB-5A53-AFBC-9A18-90F68805F3A1}.Release|Any CPU.Build.0 = Release|Any CPU
	EndGlobalSection
	GlobalSection(SolutionProperties) = preSolution
		HideSolutionNode = FALSE
	EndGlobalSection
EndGlobal
